
Microsoft Visual Studio Solution File, Format Version 11.00
# Visual Studio 2010
Project("{FAE04EC0-301F-11D3-BF4B-00C04F79EFBC}") = "LeviLINQ", "LeviLINQ\LeviLINQ.csproj", "{F85B3898-540C-4175-9858-B945219CF306}"
EndProject
Global
	GlobalSection(SolutionConfigurationPlatforms) = preSolution
		Debug|x86 = Debug|x86
		Release|x86 = Release|x86
	EndGlobalSection
	GlobalSection(ProjectConfigurationPlatforms) = postSolution
		{F85B3898-540C-4175-9858-B945219CF306}.Debug|x86.ActiveCfg = Debug|x86
		{F85B3898-540C-4175-9858-B945219CF306}.Debug|x86.Build.0 = Debug|x86
		{F85B3898-540C-4175-9858-B945219CF306}.Release|x86.ActiveCfg = Release|x86
		{F85B3898-540C-4175-9858-B945219CF306}.Release|x86.Build.0 = Release|x86
	EndGlobalSection
	GlobalSection(SolutionProperties) = preSolution
		HideSolutionNode = FALSE
	EndGlobalSection
EndGlobal
